{
  "version": 4,
  "terraform_version": "0.14.4",
  "serial": 16,
  "lineage": "7df78419-bd14-3f88-56b3-a1cc3ae9d4c0",
  "outputs": {},
  "resources": [
    {
      "mode": "data",
      "type": "aws_route53_zone",
      "name": "aux4_io",
      "provider": "provider[\"registry.terraform.io/hashicorp/aws\"]",
      "instances": [
        {
          "schema_version": 0,
          "attributes": {
            "caller_reference": "24f40fa5-7765-4d4c-9be3-16db46a583f3",
            "comment": "",
            "id": "Z0764439E2FLP3FI0UEA",
            "linked_service_description": null,
            "linked_service_principal": null,
            "name": "aux4.io",
            "name_servers": [
              "ns-157.awsdns-19.com",
              "ns-907.awsdns-49.net",
              "ns-1794.awsdns-32.co.uk",
              "ns-1283.awsdns-32.org"
            ],
            "private_zone": false,
            "resource_record_set_count": 7,
            "tags": {},
            "vpc_id": null,
            "zone_id": "Z0764439E2FLP3FI0UEA"
          },
          "sensitive_attributes": []
        }
      ]
    },
    {
      "mode": "managed",
      "type": "aws_acm_certificate",
      "name": "aux4_io",
      "provider": "provider[\"registry.terraform.io/hashicorp/aws\"]",
      "instances": [
        {
          "schema_version": 0,
          "attributes": {
            "arn": "arn:aws:acm:us-east-1:270371642032:certificate/4fb01fd4-5736-4c8a-8d98-5b01218b0fae",
            "certificate_authority_arn": "",
            "certificate_body": null,
            "certificate_chain": null,
            "domain_name": "*.aux4.io",
            "domain_validation_options": [
              {
                "domain_name": "*.aux4.io",
                "resource_record_name": "_a1593a435a54e52dab25e79acc158e58.aux4.io.",
                "resource_record_type": "CNAME",
                "resource_record_value": "_9e1061b7dfb05f77cd9f5b91f1295128.nfyddsqlcy.acm-validations.aws."
              },
              {
                "domain_name": "aux4.io",
                "resource_record_name": "_a1593a435a54e52dab25e79acc158e58.aux4.io.",
                "resource_record_type": "CNAME",
                "resource_record_value": "_9e1061b7dfb05f77cd9f5b91f1295128.nfyddsqlcy.acm-validations.aws."
              }
            ],
            "id": "arn:aws:acm:us-east-1:270371642032:certificate/4fb01fd4-5736-4c8a-8d98-5b01218b0fae",
            "options": [
              {
                "certificate_transparency_logging_preference": "ENABLED"
              }
            ],
            "private_key": null,
            "status": "PENDING_VALIDATION",
            "subject_alternative_names": [
              "aux4.io"
            ],
            "tags": null,
            "validation_emails": [],
            "validation_method": "DNS"
          },
          "sensitive_attributes": [],
          "private": "bnVsbA=="
        }
      ]
    },
    {
      "mode": "managed",
      "type": "aws_acm_certificate_validation",
      "name": "aux4_io",
      "provider": "provider[\"registry.terraform.io/hashicorp/aws\"]",
      "instances": [
        {
          "schema_version": 0,
          "attributes": {
            "certificate_arn": "arn:aws:acm:us-east-1:270371642032:certificate/4fb01fd4-5736-4c8a-8d98-5b01218b0fae",
            "id": "2021-02-26 07:01:49 +0000 UTC",
            "timeouts": null,
            "validation_record_fqdns": [
              "_a1593a435a54e52dab25e79acc158e58.aux4.io"
            ]
          },
          "sensitive_attributes": [],
          "private": "eyJlMmJmYjczMC1lY2FhLTExZTYtOGY4OC0zNDM2M2JjN2M0YzAiOnsiY3JlYXRlIjoyNzAwMDAwMDAwMDAwfX0=",
          "dependencies": [
            "aws_acm_certificate.aux4_io",
            "aws_route53_record.aux4_io_validation",
            "data.aws_route53_zone.aux4_io"
          ]
        }
      ]
    },
    {
      "mode": "managed",
      "type": "aws_route53_record",
      "name": "aux4_io_validation",
      "provider": "provider[\"registry.terraform.io/hashicorp/aws\"]",
      "instances": [
        {
          "index_key": "*.aux4.io",
          "schema_version": 2,
          "attributes": {
            "alias": [],
            "allow_overwrite": true,
            "failover_routing_policy": [],
            "fqdn": "_a1593a435a54e52dab25e79acc158e58.aux4.io",
            "geolocation_routing_policy": [],
            "health_check_id": null,
            "id": "Z0764439E2FLP3FI0UEA__a1593a435a54e52dab25e79acc158e58.aux4.io._CNAME",
            "latency_routing_policy": [],
            "multivalue_answer_routing_policy": null,
            "name": "_a1593a435a54e52dab25e79acc158e58.aux4.io",
            "records": [
              "_9e1061b7dfb05f77cd9f5b91f1295128.nfyddsqlcy.acm-validations.aws."
            ],
            "set_identifier": null,
            "ttl": 60,
            "type": "CNAME",
            "weighted_routing_policy": [],
            "zone_id": "Z0764439E2FLP3FI0UEA"
          },
          "sensitive_attributes": [],
          "private": "eyJzY2hlbWFfdmVyc2lvbiI6IjIifQ==",
          "dependencies": [
            "aws_acm_certificate.aux4_io",
            "data.aws_route53_zone.aux4_io"
          ]
        },
        {
          "index_key": "aux4.io",
          "schema_version": 2,
          "attributes": {
            "alias": [],
            "allow_overwrite": true,
            "failover_routing_policy": [],
            "fqdn": "_a1593a435a54e52dab25e79acc158e58.aux4.io",
            "geolocation_routing_policy": [],
            "health_check_id": null,
            "id": "Z0764439E2FLP3FI0UEA__a1593a435a54e52dab25e79acc158e58.aux4.io._CNAME",
            "latency_routing_policy": [],
            "multivalue_answer_routing_policy": null,
            "name": "_a1593a435a54e52dab25e79acc158e58.aux4.io",
            "records": [
              "_9e1061b7dfb05f77cd9f5b91f1295128.nfyddsqlcy.acm-validations.aws."
            ],
            "set_identifier": null,
            "ttl": 60,
            "type": "CNAME",
            "weighted_routing_policy": [],
            "zone_id": "Z0764439E2FLP3FI0UEA"
          },
          "sensitive_attributes": [],
          "private": "eyJzY2hlbWFfdmVyc2lvbiI6IjIifQ==",
          "dependencies": [
            "aws_acm_certificate.aux4_io",
            "data.aws_route53_zone.aux4_io"
          ]
        }
      ]
    },
    {
      "mode": "managed",
      "type": "aws_route53_record",
      "name": "website_domain",
      "provider": "provider[\"registry.terraform.io/hashicorp/aws\"]",
      "instances": []
    },
    {
      "mode": "managed",
      "type": "aws_s3_bucket",
      "name": "logs",
      "provider": "provider[\"registry.terraform.io/hashicorp/aws\"]",
      "instances": [
        {
          "schema_version": 0,
          "attributes": {
            "acceleration_status": "",
            "acl": "private",
            "arn": "arn:aws:s3:::prod-logs.aux4.io",
            "bucket": "prod-logs.aux4.io",
            "bucket_domain_name": "prod-logs.aux4.io.s3.amazonaws.com",
            "bucket_prefix": null,
            "bucket_regional_domain_name": "prod-logs.aux4.io.s3.amazonaws.com",
            "cors_rule": [],
            "force_destroy": false,
            "grant": [],
            "hosted_zone_id": "Z3AQBSTGFYJSTF",
            "id": "prod-logs.aux4.io",
            "lifecycle_rule": [],
            "logging": [],
            "object_lock_configuration": [],
            "policy": null,
            "region": "us-east-1",
            "replication_configuration": [],
            "request_payer": "BucketOwner",
            "server_side_encryption_configuration": [],
            "tags": {},
            "versioning": [
              {
                "enabled": false,
                "mfa_delete": false
              }
            ],
            "website": [],
            "website_domain": null,
            "website_endpoint": null
          },
          "sensitive_attributes": [],
          "private": "bnVsbA=="
        }
      ]
    },
    {
      "mode": "managed",
      "type": "aws_s3_bucket",
      "name": "website",
      "provider": "provider[\"registry.terraform.io/hashicorp/aws\"]",
      "instances": [
        {
          "schema_version": 0,
          "attributes": {
            "acceleration_status": "",
            "acl": "public-read",
            "arn": "arn:aws:s3:::aux4.io",
            "bucket": "aux4.io",
            "bucket_domain_name": "aux4.io.s3.amazonaws.com",
            "bucket_prefix": null,
            "bucket_regional_domain_name": "aux4.io.s3.amazonaws.com",
            "cors_rule": [],
            "force_destroy": false,
            "grant": [],
            "hosted_zone_id": "Z3AQBSTGFYJSTF",
            "id": "aux4.io",
            "lifecycle_rule": [],
            "logging": [],
            "object_lock_configuration": [],
            "policy": "{\"Statement\":[{\"Action\":\"s3:GetObject\",\"Effect\":\"Allow\",\"Principal\":\"*\",\"Resource\":\"arn:aws:s3:::aux4.io/*\",\"Sid\":\"WebsitePerm\"}],\"Version\":\"2012-10-17\"}",
            "region": "us-east-1",
            "replication_configuration": [],
            "request_payer": "BucketOwner",
            "server_side_encryption_configuration": [],
            "tags": {},
            "versioning": [
              {
                "enabled": false,
                "mfa_delete": false
              }
            ],
            "website": [
              {
                "error_document": "index.html",
                "index_document": "index.html",
                "redirect_all_requests_to": "",
                "routing_rules": ""
              }
            ],
            "website_domain": "s3-website-us-east-1.amazonaws.com",
            "website_endpoint": "aux4.io.s3-website-us-east-1.amazonaws.com"
          },
          "sensitive_attributes": [],
          "private": "bnVsbA=="
        }
      ]
    },
    {
      "mode": "managed",
      "type": "aws_s3_bucket",
      "name": "www",
      "provider": "provider[\"registry.terraform.io/hashicorp/aws\"]",
      "instances": [
        {
          "schema_version": 0,
          "attributes": {
            "acceleration_status": "",
            "acl": "public-read",
            "arn": "arn:aws:s3:::www.aux4.io",
            "bucket": "www.aux4.io",
            "bucket_domain_name": "www.aux4.io.s3.amazonaws.com",
            "bucket_prefix": null,
            "bucket_regional_domain_name": "www.aux4.io.s3.amazonaws.com",
            "cors_rule": [],
            "force_destroy": false,
            "grant": [],
            "hosted_zone_id": "Z3AQBSTGFYJSTF",
            "id": "www.aux4.io",
            "lifecycle_rule": [],
            "logging": [],
            "object_lock_configuration": [],
            "policy": null,
            "region": "us-east-1",
            "replication_configuration": [],
            "request_payer": "BucketOwner",
            "server_side_encryption_configuration": [],
            "tags": {},
            "versioning": [
              {
                "enabled": false,
                "mfa_delete": false
              }
            ],
            "website": [
              {
                "error_document": "",
                "index_document": "",
                "redirect_all_requests_to": "https://aux4.io",
                "routing_rules": ""
              }
            ],
            "website_domain": "s3-website-us-east-1.amazonaws.com",
            "website_endpoint": "www.aux4.io.s3-website-us-east-1.amazonaws.com"
          },
          "sensitive_attributes": [],
          "private": "bnVsbA==",
          "dependencies": [
            "aws_s3_bucket.website"
          ]
        }
      ]
    },
    {
      "mode": "managed",
      "type": "null_resource",
      "name": "upload",
      "provider": "provider[\"registry.terraform.io/hashicorp/null\"]",
      "instances": [
        {
          "schema_version": 0,
          "attributes": {
            "id": "3241576310771606617",
            "triggers": {
              "run_when": "26264f06765d93ef3ac5fb94c4a8c66c60e3870f"
            }
          },
          "sensitive_attributes": [],
          "private": "bnVsbA==",
          "dependencies": [
            "aws_s3_bucket.website"
          ]
        }
      ]
    }
  ]
}
